
Microsoft Visual Studio Solution File, Format Version 12.00
# Visual Studio Version 17
VisualStudioVersion = 17.3.32819.101
MinimumVisualStudioVersion = 10.0.40219.1
Project("{9A19103F-16F7-4668-BE54-9A1E7A4F7556}") = "RiseTechnologyProject.Data", "RiseTechnologyProject.Data\RiseTechnologyProject.Data.csproj", "{BAAC4DCC-B71F-4C0E-A66C-1837F0E8F837}"
EndProject
Project("{9A19103F-16F7-4668-BE54-9A1E7A4F7556}") = "RiseTechnologyProject.DataAccess", "RiseTechnologyProject.DataAccess\RiseTechnologyProject.DataAccess.csproj", "{8E9CFD4E-9875-4A88-A9E5-5C4859D1BA61}"
EndProject
Project("{9A19103F-16F7-4668-BE54-9A1E7A4F7556}") = "RiseTechnologyProject.UserApi", "RiseTechnologyProject.Api\RiseTechnologyProject.UserApi.csproj", "{DD75A7E9-84E3-40FA-8DFE-D0110ACD090E}"
EndProject
Project("{9A19103F-16F7-4668-BE54-9A1E7A4F7556}") = "RiseTechnologyProject.Consumer", "RiseTechnologyProject.Consumer\RiseTechnologyProject.Consumer.csproj", "{995CB97E-0874-476D-AB98-C5D1F7491EAD}"
EndProject
Project("{9A19103F-16F7-4668-BE54-9A1E7A4F7556}") = "RiseTechnologyProject.ReportApi", "RiseTerchnologyProject.ReportApi\RiseTechnologyProject.ReportApi.csproj", "{D0D5901C-D2AE-4969-93DE-81B2DEC1FD67}"
EndProject
Project("{9A19103F-16F7-4668-BE54-9A1E7A4F7556}") = "RiseTechnologyProject.ApiGateway", "RiseTechnologyProject.ApiGateway\RiseTechnologyProject.ApiGateway.csproj", "{8C703D21-96F3-4324-A7D9-E0D478BE79F3}"
EndProject
Global
	GlobalSection(SolutionConfigurationPlatforms) = preSolution
		Debug|Any CPU = Debug|Any CPU
		Release|Any CPU = Release|Any CPU
	EndGlobalSection
	GlobalSection(ProjectConfigurationPlatforms) = postSolution
		{BAAC4DCC-B71F-4C0E-A66C-1837F0E8F837}.Debug|Any CPU.ActiveCfg = Debug|Any CPU
		{BAAC4DCC-B71F-4C0E-A66C-1837F0E8F837}.Debug|Any CPU.Build.0 = Debug|Any CPU
		{BAAC4DCC-B71F-4C0E-A66C-1837F0E8F837}.Release|Any CPU.ActiveCfg = Release|Any CPU
		{BAAC4DCC-B71F-4C0E-A66C-1837F0E8F837}.Release|Any CPU.Build.0 = Release|Any CPU
		{8E9CFD4E-9875-4A88-A9E5-5C4859D1BA61}.Debug|Any CPU.ActiveCfg = Debug|Any CPU
		{8E9CFD4E-9875-4A88-A9E5-5C4859D1BA61}.Debug|Any CPU.Build.0 = Debug|Any CPU
		{8E9CFD4E-9875-4A88-A9E5-5C4859D1BA61}.Release|Any CPU.ActiveCfg = Release|Any CPU
		{8E9CFD4E-9875-4A88-A9E5-5C4859D1BA61}.Release|Any CPU.Build.0 = Release|Any CPU
		{DD75A7E9-84E3-40FA-8DFE-D0110ACD090E}.Debug|Any CPU.ActiveCfg = Debug|Any CPU
		{DD75A7E9-84E3-40FA-8DFE-D0110ACD090E}.Debug|Any CPU.Build.0 = Debug|Any CPU
		{DD75A7E9-84E3-40FA-8DFE-D0110ACD090E}.Release|Any CPU.ActiveCfg = Release|Any CPU
		{DD75A7E9-84E3-40FA-8DFE-D0110ACD090E}.Release|Any CPU.Build.0 = Release|Any CPU
		{995CB97E-0874-476D-AB98-C5D1F7491EAD}.Debug|Any CPU.ActiveCfg = Debug|Any CPU
		{995CB97E-0874-476D-AB98-C5D1F7491EAD}.Debug|Any CPU.Build.0 = Debug|Any CPU
		{995CB97E-0874-476D-AB98-C5D1F7491EAD}.Release|Any CPU.ActiveCfg = Release|Any CPU
		{995CB97E-0874-476D-AB98-C5D1F7491EAD}.Release|Any CPU.Build.0 = Release|Any CPU
		{D0D5901C-D2AE-4969-93DE-81B2DEC1FD67}.Debug|Any CPU.ActiveCfg = Debug|Any CPU
		{D0D5901C-D2AE-4969-93DE-81B2DEC1FD67}.Debug|Any CPU.Build.0 = Debug|Any CPU
		{D0D5901C-D2AE-4969-93DE-81B2DEC1FD67}.Release|Any CPU.ActiveCfg = Release|Any CPU
		{D0D5901C-D2AE-4969-93DE-81B2DEC1FD67}.Release|Any CPU.Build.0 = Release|Any CPU
		{8C703D21-96F3-4324-A7D9-E0D478BE79F3}.Debug|Any CPU.ActiveCfg = Debug|Any CPU
		{8C703D21-96F3-4324-A7D9-E0D478BE79F3}.Debug|Any CPU.Build.0 = Debug|Any CPU
		{8C703D21-96F3-4324-A7D9-E0D478BE79F3}.Release|Any CPU.ActiveCfg = Release|Any CPU
		{8C703D21-96F3-4324-A7D9-E0D478BE79F3}.Release|Any CPU.Build.0 = Release|Any CPU
	EndGlobalSection
	GlobalSection(SolutionProperties) = preSolution
		HideSolutionNode = FALSE
	EndGlobalSection
	GlobalSection(ExtensibilityGlobals) = postSolution
		SolutionGuid = {9101EC6F-8D20-4231-B63B-DD3C7EDD69AC}
	EndGlobalSection
EndGlobal
